<?xml version="1.0" encoding="utf-8"?>
<Project ToolsVersion="4.0" xmlns="http://schemas.microsoft.com/developer/msbuild/2003">
  <ItemGroup>
    <Filter Include="Source Files">
      <UniqueIdentifier>{4FC737F1-C7A5-4376-A066-2A32D752A2FF}</UniqueIdentifier>
      <Extensions>cpp;c;cc;cxx;def;odl;idl;hpj;bat;asm;asmx</Extensions>
    </Filter>
    <Filter Include="Header Files">
      <UniqueIdentifier>{93995380-89BD-4b04-88EB-625FBE52EBFB}</UniqueIdentifier>
      <Extensions>h;hh;hpp;hxx;hm;inl;inc;xsd</Extensions>
    </Filter>
    <Filter Include="Resource Files">
      <UniqueIdentifier>{67DA6AB6-F800-4c08-8B7A-83BB121AAD01}</UniqueIdentifier>
      <Extensions>rc;ico;cur;bmp;dlg;rc2;rct;bin;rgs;gif;jpg;jpeg;jpe;resx;tiff;tif;png;wav;mfcribbon-ms</Extensions>
    </Filter>
    <Filter Include="Header Files\utils">
      <UniqueIdentifier>{c384f71d-f570-4f03-b933-0676b3885d93}</UniqueIdentifier>
    </Filter>
    <Filter Include="Source Files\utils">
      <UniqueIdentifier>{bed4c23d-11fa-4c79-9b8e-1c18f5fed532}</UniqueIdentifier>
    </Filter>
    <Filter Include="Header Files\GUI">
      <UniqueIdentifier>{280faf2f-5193-4baf-a413-bfa571ba8adf}</UniqueIdentifier>
    </Filter>
    <Filter Include="Source Files\GUI">
      <UniqueIdentifier>{b2f68988-2041-4d9b-b857-397c33dfa5fd}</UniqueIdentifier>
    </Filter>
    <Filter Include="Header Files\Graphics">
      <UniqueIdentifier>{73fa293e-f4c2-4650-9191-1c7b5679ed02}</UniqueIdentifier>
    </Filter>
    <Filter Include="Source Files\Graphics">
      <UniqueIdentifier>{362eca4e-2355-4e51-bbe4-89771919b9a8}</UniqueIdentifier>
    </Filter>
  </ItemGroup>
  <ItemGroup>
    <ClCompile Include="source\Main.cpp">
      <Filter>Source Files</Filter>
    </ClCompile>
    <ClCompile Include="source\utils\ObjReader.cpp">
      <Filter>Source Files\utils</Filter>
    </ClCompile>
    <ClCompile Include="source\RenderGL.cpp">
      <Filter>Source Files</Filter>
    </ClCompile>
    <ClCompile Include="source\Model.cpp">
      <Filter>Source Files</Filter>
    </ClCompile>
    <ClCompile Include="source\Shader.cpp">
      <Filter>Source Files</Filter>
    </ClCompile>
    <ClCompile Include="source\GUI\Font.cpp">
      <Filter>Source Files\GUI</Filter>
    </ClCompile>
    <ClCompile Include="source\GUI\MenuScreen.cpp">
      <Filter>Source Files\GUI</Filter>
    </ClCompile>
    <ClCompile Include="source\GameScreen.cpp">
      <Filter>Source Files</Filter>
    </ClCompile>
    <ClCompile Include="source\AssetManager.cpp">
      <Filter>Source Files</Filter>
    </ClCompile>
    <ClCompile Include="source\Engine.cpp">
      <Filter>Source Files</Filter>
    </ClCompile>
    <ClCompile Include="source\Input.cpp">
      <Filter>Source Files</Filter>
    </ClCompile>
    <ClCompile Include="source\utils\Timer.cpp">
      <Filter>Source Files\utils</Filter>
    </ClCompile>
    <ClCompile Include="source\GUI\TextBox.cpp">
      <Filter>Source Files\GUI</Filter>
    </ClCompile>
    <ClCompile Include="source\Graphics\Bitmap.cpp">
      <Filter>Source Files\Graphics</Filter>
    </ClCompile>
    <ClCompile Include="source\Graphics\Texture.cpp">
      <Filter>Source Files\Graphics</Filter>
    </ClCompile>
    <ClCompile Include="source\utils\tinyxml2.cpp">
      <Filter>Source Files\utils</Filter>
    </ClCompile>
    <ClCompile Include="source\utils\EnumParser.cpp">
      <Filter>Source Files\utils</Filter>
    </ClCompile>
  </ItemGroup>
  <ItemGroup>
    <ClInclude Include="include\RenderGL.h">
      <Filter>Header Files</Filter>
    </ClInclude>
    <ClInclude Include="include\utils\ObjReader.h">
      <Filter>Header Files\utils</Filter>
    </ClInclude>
    <ClInclude Include="include\Model.h">
      <Filter>Header Files</Filter>
    </ClInclude>
    <ClInclude Include="include\Shader.h">
      <Filter>Header Files</Filter>
    </ClInclude>
    <ClInclude Include="include\utils\GLSupport.h">
      <Filter>Header Files\utils</Filter>
    </ClInclude>
    <ClInclude Include="include\Input.h">
      <Filter>Header Files</Filter>
    </ClInclude>
    <ClInclude Include="include\AssetManager.h">
      <Filter>Header Files</Filter>
    </ClInclude>
    <ClInclude Include="include\Engine.h">
      <Filter>Header Files</Filter>
    </ClInclude>
    <ClInclude Include="include\Graphics.h">
      <Filter>Header Files</Filter>
    </ClInclude>
    <ClInclude Include="include\GUI\Button.h">
      <Filter>Header Files\GUI</Filter>
    </ClInclude>
    <ClInclude Include="include\GUI\EventListener.h">
      <Filter>Header Files\GUI</Filter>
    </ClInclude>
    <ClInclude Include="include\GUI\Event.h">
      <Filter>Header Files\GUI</Filter>
    </ClInclude>
    <ClInclude Include="include\GUI\EventType.h">
      <Filter>Header Files\GUI</Filter>
    </ClInclude>
    <ClInclude Include="include\GUI\Font.h">
      <Filter>Header Files\GUI</Filter>
    </ClInclude>
    <ClInclude Include="include\Screen.h">
      <Filter>Header Files</Filter>
    </ClInclude>
    <ClInclude Include="include\GUI\MenuScreen.h">
      <Filter>Header Files\GUI</Filter>
    </ClInclude>
    <ClInclude Include="include\GameScreen.h">
      <Filter>Header Files</Filter>
    </ClInclude>
    <ClInclude Include="include\utils\tinyxml2.h">
      <Filter>Header Files\utils</Filter>
    </ClInclude>
    <ClInclude Include="include\utils\Timer.h">
      <Filter>Header Files\utils</Filter>
    </ClInclude>
    <ClInclude Include="include\utils\OnClickFunctions.h">
      <Filter>Header Files\utils</Filter>
    </ClInclude>
    <ClInclude Include="include\GUI\TextBox.h">
      <Filter>Header Files\GUI</Filter>
    </ClInclude>
    <ClInclude Include="include\utils\LevelLoader.h">
      <Filter>Header Files\utils</Filter>
    </ClInclude>
    <ClInclude Include="include\Graphics\Bitmap.h">
      <Filter>Header Files\Graphics</Filter>
    </ClInclude>
    <ClInclude Include="include\Graphics\stb_image.h">
      <Filter>Header Files\Graphics</Filter>
    </ClInclude>
    <ClInclude Include="include\Graphics\Texture.h">
      <Filter>Header Files\Graphics</Filter>
    </ClInclude>
    <ClInclude Include="include\Graphics\Transform.h">
      <Filter>Header Files\Graphics</Filter>
    </ClInclude>
    <ClInclude Include="include\utils\EnumParser.h">
      <Filter>Header Files\utils</Filter>
    </ClInclude>
  </ItemGroup>
  <ItemGroup>
    <None Include="shaders\basic.frag">
      <Filter>Resource Files</Filter>
    </None>
    <None Include="shaders\basic.vert">
      <Filter>Resource Files</Filter>
    </None>
    <None Include="shaders\text.frag">
      <Filter>Resource Files</Filter>
    </None>
    <None Include="shaders\text.vert">
      <Filter>Resource Files</Filter>
    </None>
  </ItemGroup>
</Project>